
Microsoft Visual Studio Solution File, Format Version 12.00
# Visual Studio Version 17
VisualStudioVersion = 17.7.34031.279
MinimumVisualStudioVersion = 10.0.40219.1
Project("{FAE04EC0-301F-11D3-BF4B-00C04F79EFBC}") = "MySQLconexion", "MySQLconexion\MySQLconexion.csproj", "{3943D3CA-D6C0-4CB1-9F95-89969EDF536B}"
EndProject
Global
	GlobalSection(SolutionConfigurationPlatforms) = preSolution
		Debug|Any CPU = Debug|Any CPU
		Release|Any CPU = Release|Any CPU
	EndGlobalSection
	GlobalSection(ProjectConfigurationPlatforms) = postSolution
		{3943D3CA-D6C0-4CB1-9F95-89969EDF536B}.Debug|Any CPU.ActiveCfg = Debug|Any CPU
		{3943D3CA-D6C0-4CB1-9F95-89969EDF536B}.Debug|Any CPU.Build.0 = Debug|Any CPU
		{3943D3CA-D6C0-4CB1-9F95-89969EDF536B}.Release|Any CPU.ActiveCfg = Release|Any CPU
		{3943D3CA-D6C0-4CB1-9F95-89969EDF536B}.Release|Any CPU.Build.0 = Release|Any CPU
	EndGlobalSection
	GlobalSection(SolutionProperties) = preSolution
		HideSolutionNode = FALSE
	EndGlobalSection
	GlobalSection(ExtensibilityGlobals) = postSolution
		SolutionGuid = {469C2455-5A63-4C6F-82A2-653AE7B434EF}
	EndGlobalSection
EndGlobal
